
Microsoft Visual Studio Solution File, Format Version 12.00
# Visual Studio 2012
Project("{FAE04EC0-301F-11D3-BF4B-00C04F79EFBC}") = "Ext.NET", "Ext.NET\Ext.NET.csproj", "{FC7C0EAC-81E9-4C7F-BE9A-35A94D472C28}"
EndProject
Global
	GlobalSection(SolutionConfigurationPlatforms) = preSolution
		Debug|Any CPU = Debug|Any CPU
		Release|Any CPU = Release|Any CPU
	EndGlobalSection
	GlobalSection(ProjectConfigurationPlatforms) = postSolution
		{FC7C0EAC-81E9-4C7F-BE9A-35A94D472C28}.Debug|Any CPU.ActiveCfg = Debug|Any CPU
		{FC7C0EAC-81E9-4C7F-BE9A-35A94D472C28}.Debug|Any CPU.Build.0 = Debug|Any CPU
		{FC7C0EAC-81E9-4C7F-BE9A-35A94D472C28}.Release|Any CPU.ActiveCfg = Release|Any CPU
		{FC7C0EAC-81E9-4C7F-BE9A-35A94D472C28}.Release|Any CPU.Build.0 = Release|Any CPU
	EndGlobalSection
	GlobalSection(SolutionProperties) = preSolution
		HideSolutionNode = FALSE
	EndGlobalSection
EndGlobal
